
Microsoft Visual Studio Solution File, Format Version 12.00
# Visual Studio Version 16
VisualStudioVersion = 16.0.29806.167
MinimumVisualStudioVersion = 10.0.40219.1
Project("{9A19103F-16F7-4668-BE54-9A1E7A4F7556}") = "WLBPlatesManager", "WLPPlatesManager\WLBPlatesManager.csproj", "{265460B9-8FF0-46D0-AB7B-A9897E8AB37D}"
EndProject
Project("{9A19103F-16F7-4668-BE54-9A1E7A4F7556}") = "WLBApplication", "WLBApplication\WLBApplication.csproj", "{E3FAC78F-BD80-4E53-93CE-ED12DC3613BF}"
EndProject
Project("{FAE04EC0-301F-11D3-BF4B-00C04F79EFBC}") = "WLBLoggingService", "WLBLoggingService\WLBLoggingService.csproj", "{6F678238-6316-48B3-807D-FD505E777400}"
EndProject
Project("{2150E333-8FDC-42A3-9474-1A3956D46DE8}") = "Solution Items", "Solution Items", "{24649831-952B-4A9A-8AD8-B3BFC0B79677}"
EndProject
Global
	GlobalSection(SolutionConfigurationPlatforms) = preSolution
		Debug|Any CPU = Debug|Any CPU
		Release|Any CPU = Release|Any CPU
	EndGlobalSection
	GlobalSection(ProjectConfigurationPlatforms) = postSolution
		{265460B9-8FF0-46D0-AB7B-A9897E8AB37D}.Debug|Any CPU.ActiveCfg = Debug|Any CPU
		{265460B9-8FF0-46D0-AB7B-A9897E8AB37D}.Debug|Any CPU.Build.0 = Debug|Any CPU
		{265460B9-8FF0-46D0-AB7B-A9897E8AB37D}.Release|Any CPU.ActiveCfg = Release|Any CPU
		{265460B9-8FF0-46D0-AB7B-A9897E8AB37D}.Release|Any CPU.Build.0 = Release|Any CPU
		{E3FAC78F-BD80-4E53-93CE-ED12DC3613BF}.Debug|Any CPU.ActiveCfg = Debug|Any CPU
		{E3FAC78F-BD80-4E53-93CE-ED12DC3613BF}.Debug|Any CPU.Build.0 = Debug|Any CPU
		{E3FAC78F-BD80-4E53-93CE-ED12DC3613BF}.Release|Any CPU.ActiveCfg = Release|Any CPU
		{E3FAC78F-BD80-4E53-93CE-ED12DC3613BF}.Release|Any CPU.Build.0 = Release|Any CPU
		{6F678238-6316-48B3-807D-FD505E777400}.Debug|Any CPU.ActiveCfg = Debug|Any CPU
		{6F678238-6316-48B3-807D-FD505E777400}.Debug|Any CPU.Build.0 = Debug|Any CPU
		{6F678238-6316-48B3-807D-FD505E777400}.Release|Any CPU.ActiveCfg = Release|Any CPU
		{6F678238-6316-48B3-807D-FD505E777400}.Release|Any CPU.Build.0 = Release|Any CPU
	EndGlobalSection
	GlobalSection(SolutionProperties) = preSolution
		HideSolutionNode = FALSE
	EndGlobalSection
	GlobalSection(ExtensibilityGlobals) = postSolution
		SolutionGuid = {E6FAE46A-D276-49F7-9CE8-945829D7E73D}
	EndGlobalSection
EndGlobal
